// !$*UTF8*$!
{
	archiveVersion = 1;
	classes = {
	};
	objectVersion = 46;
	objects = {

/* Begin PBXBuildFile section */
		034D68AE1B1E5CA200B6CE82 /* main.m in Sources */ = {isa = PBXBuildFile; fileRef = 034D68AD1B1E5CA200B6CE82 /* main.m */; };
		034D68B11B1E5CA200B6CE82 /* AppDelegate.m in Sources */ = {isa = PBXBuildFile; fileRef = 034D68B01B1E5CA200B6CE82 /* AppDelegate.m */; };
		034D68B41B1E5CA200B6CE82 /* ViewController.m in Sources */ = {isa = PBXBuildFile; fileRef = 034D68B31B1E5CA200B6CE82 /* ViewController.m */; };
		034D68B71B1E5CA200B6CE82 /* Main.storyboard in Resources */ = {isa = PBXBuildFile; fileRef = 034D68B51B1E5CA200B6CE82 /* Main.storyboard */; };
		034D68B91B1E5CA200B6CE82 /* Images.xcassets in Resources */ = {isa = PBXBuildFile; fileRef = 034D68B81B1E5CA200B6CE82 /* Images.xcassets */; };
		034D68BC1B1E5CA200B6CE82 /* LaunchScreen.xib in Resources */ = {isa = PBXBuildFile; fileRef = 034D68BA1B1E5CA200B6CE82 /* LaunchScreen.xib */; };
		034D68C81B1E5CA200B6CE82 /* LTMLabelTests.m in Sources */ = {isa = PBXBuildFile; fileRef = 034D68C71B1E5CA200B6CE82 /* LTMLabelTests.m */; };
		034D68D41B1E5D1B00B6CE82 /* LTMLabel.m in Sources */ = {isa = PBXBuildFile; fileRef = 034D68D31B1E5D1B00B6CE82 /* LTMLabel.m */; };
/* End PBXBuildFile section */

/* Begin PBXContainerItemProxy section */
		034D68C21B1E5CA200B6CE82 /* PBXContainerItemProxy */ = {
			isa = PBXContainerItemProxy;
			containerPortal = 034D68A01B1E5CA200B6CE82 /* Project object */;
			proxyType = 1;
			remoteGlobalIDString = 034D68A71B1E5CA200B6CE82;
			remoteInfo = LTMLabel;
		};
/* End PBXContainerItemProxy section */

/* Begin PBXFileReference section */
		034D68A81B1E5CA200B6CE82 /* LTMLabel.app */ = {isa = PBXFileReference; explicitFileType = wrapper.application; includeInIndex = 0; path = LTMLabel.app; sourceTree = BUILT_PRODUCTS_DIR; };
		034D68AC1B1E5CA200B6CE82 /* Info.plist */ = {isa = PBXFileReference; lastKnownFileType = text.plist.xml; path = Info.plist; sourceTree = "<group>"; };
		034D68AD1B1E5CA200B6CE82 /* main.m */ = {isa = PBXFileReference; lastKnownFileType = sourcecode.c.objc; path = main.m; sourceTree = "<group>"; };
		034D68AF1B1E5CA200B6CE82 /* AppDelegate.h */ = {isa = PBXFileReference; lastKnownFileType = sourcecode.c.h; path = AppDelegate.h; sourceTree = "<group>"; };
		034D68B01B1E5CA200B6CE82 /* AppDelegate.m */ = {isa = PBXFileReference; lastKnownFileType = sourcecode.c.objc; path = AppDelegate.m; sourceTree = "<group>"; };
		034D68B21B1E5CA200B6CE82 /* ViewController.h */ = {isa = PBXFileReference; lastKnownFileType = sourcecode.c.h; path = ViewController.h; sourceTree = "<group>"; };
		034D68B31B1E5CA200B6CE82 /* ViewController.m */ = {isa = PBXFileReference; lastKnownFileType = sourcecode.c.objc; path = ViewController.m; sourceTree = "<group>"; };
		034D68B61B1E5CA200B6CE82 /* Base */ = {isa = PBXFileReference; lastKnownFileType = file.storyboard; name = Base; path = Base.lproj/Main.storyboard; sourceTree = "<group>"; };
		034D68B81B1E5CA200B6CE82 /* Images.xcassets */ = {isa = PBXFileReference; lastKnownFileType = folder.assetcatalog; path = Images.xcassets; sourceTree = "<group>"; };
		034D68BB1B1E5CA200B6CE82 /* Base */ = {isa = PBXFileReference; lastKnownFileType = file.xib; name = Base; path = Base.lproj/LaunchScreen.xib; sourceTree = "<group>"; };
		034D68C11B1E5CA200B6CE82 /* LTMLabelTests.xctest */ = {isa = PBXFileReference; explicitFileType = wrapper.cfbundle; includeInIndex = 0; path = LTMLabelTests.xctest; sourceTree = BUILT_PRODUCTS_DIR; };
		034D68C61B1E5CA200B6CE82 /* Info.plist */ = {isa = PBXFileReference; lastKnownFileType = text.plist.xml; path = Info.plist; sourceTree = "<group>"; };
		034D68C71B1E5CA200B6CE82 /* LTMLabelTests.m */ = {isa = PBXFileReference; lastKnownFileType = sourcecode.c.objc; path = LTMLabelTests.m; sourceTree = "<group>"; };
		034D68D21B1E5D1B00B6CE82 /* LTMLabel.h */ = {isa = PBXFileReference; fileEncoding = 4; lastKnownFileType = sourcecode.c.h; path = LTMLabel.h; sourceTree = "<group>"; };
		034D68D31B1E5D1B00B6CE82 /* LTMLabel.m */ = {isa = PBXFileReference; fileEncoding = 4; lastKnownFileType = sourcecode.c.objc; path = LTMLabel.m; sourceTree = "<group>"; };
/* End PBXFileReference section */

/* Begin PBXFrameworksBuildPhase section */
		034D68A51B1E5CA200B6CE82 /* Frameworks */ = {
			isa = PBXFrameworksBuildPhase;
			buildActionMask = 2147483647;
			files = (
			);
			runOnlyForDeploymentPostprocessing = 0;
		};
		034D68BE1B1E5CA200B6CE82 /* Frameworks */ = {
			isa = PBXFrameworksBuildPhase;
			buildActionMask = 2147483647;
			files = (
			);
			runOnlyForDeploymentPostprocessing = 0;
		};
/* End PBXFrameworksBuildPhase section */

/* Begin PBXGroup section */
		034D689F1B1E5CA200B6CE82 = {
			isa = PBXGroup;
			children = (
				034D68AA1B1E5CA200B6CE82 /* LTMLabel */,
				034D68C41B1E5CA200B6CE82 /* LTMLabelTests */,
				034D68A91B1E5CA200B6CE82 /* Products */,
			);
			sourceTree = "<group>";
		};
		034D68A91B1E5CA200B6CE82 /* Products */ = {
			isa = PBXGroup;
			children = (
				034D68A81B1E5CA200B6CE82 /* LTMLabel.app */,
				034D68C11B1E5CA200B6CE82 /* LTMLabelTests.xctest */,
			);
			name = Products;
			sourceTree = "<group>";
		};
		034D68AA1B1E5CA200B6CE82 /* LTMLabel */ = {
			isa = PBXGroup;
			children = (
				034D68D11B1E5D1B00B6CE82 /* Files */,
				034D68AF1B1E5CA200B6CE82 /* AppDelegate.h */,
				034D68B01B1E5CA200B6CE82 /* AppDelegate.m */,
				034D68B21B1E5CA200B6CE82 /* ViewController.h */,
				034D68B31B1E5CA200B6CE82 /* ViewController.m */,
				034D68B51B1E5CA200B6CE82 /* Main.storyboard */,
				034D68B81B1E5CA200B6CE82 /* Images.xcassets */,
				034D68BA1B1E5CA200B6CE82 /* LaunchScreen.xib */,
				034D68AB1B1E5CA200B6CE82 /* Supporting Files */,
			);
			path = LTMLabel;
			sourceTree = "<group>";
		};
		034D68AB1B1E5CA200B6CE82 /* Supporting Files */ = {
			isa = PBXGroup;
			children = (
				034D68AC1B1E5CA200B6CE82 /* Info.plist */,
				034D68AD1B1E5CA200B6CE82 /* main.m */,
			);
			name = "Supporting Files";
			sourceTree = "<group>";
		};
		034D68C41B1E5CA200B6CE82 /* LTMLabelTests */ = {
			isa = PBXGroup;
			children = (
				034D68C71B1E5CA200B6CE82 /* LTMLabelTests.m */,
				034D68C51B1E5CA200B6CE82 /* Supporting Files */,
			);
			path = LTMLabelTests;
			sourceTree = "<group>";
		};
		034D68C51B1E5CA200B6CE82 /* Supporting Files */ = {
			isa = PBXGroup;
			children = (
				034D68C61B1E5CA200B6CE82 /* Info.plist */,
			);
			name = "Supporting Files";
			sourceTree = "<group>";
		};
		034D68D11B1E5D1B00B6CE82 /* Files */ = {
			isa = PBXGroup;
			children = (
				034D68D21B1E5D1B00B6CE82 /* LTMLabel.h */,
				034D68D31B1E5D1B00B6CE82 /* LTMLabel.m */,
			);
			path = Files;
			sourceTree = "<group>";
		};
/* End PBXGroup section */

/* Begin PBXNativeTarget section */
		034D68A71B1E5CA200B6CE82 /* LTMLabel */ = {
			isa = PBXNativeTarget;
			buildConfigurationList = 034D68CB1B1E5CA200B6CE82 /* Build configuration list for PBXNativeTarget "LTMLabel" */;
			buildPhases = (
				034D68A41B1E5CA200B6CE82 /* Sources */,
				034D68A51B1E5CA200B6CE82 /* Frameworks */,
				034D68A61B1E5CA200B6CE82 /* Resources */,
			);
			buildRules = (
			);
			dependencies = (
			);
			name = LTMLabel;
			productName = LTMLabel;
			productReference = 034D68A81B1E5CA200B6CE82 /* LTMLabel.app */;
			productType = "com.apple.product-type.application";
		};
		034D68C01B1E5CA200B6CE82 /* LTMLabelTests */ = {
			isa = PBXNativeTarget;
			buildConfigurationList = 034D68CE1B1E5CA200B6CE82 /* Build configuration list for PBXNativeTarget "LTMLabelTests" */;
			buildPhases = (
				034D68BD1B1E5CA200B6CE82 /* Sources */,
				034D68BE1B1E5CA200B6CE82 /* Frameworks */,
				034D68BF1B1E5CA200B6CE82 /* Resources */,
			);
			buildRules = (
			);
			dependencies = (
				034D68C31B1E5CA200B6CE82 /* PBXTargetDependency */,
			);
			name = LTMLabelTests;
			productName = LTMLabelTests;
			productReference = 034D68C11B1E5CA200B6CE82 /* LTMLabelTests.xctest */;
			productType = "com.apple.product-type.bundle.unit-test";
		};
/* End PBXNativeTarget section */

/* Begin PBXProject section */
		034D68A01B1E5CA200B6CE82 /* Project object */ = {
			isa = PBXProject;
			attributes = {
				LastUpgradeCheck = 0630;
				ORGANIZATIONNAME = "Sebastian Schilbe";
				TargetAttributes = {
					034D68A71B1E5CA200B6CE82 = {
						CreatedOnToolsVersion = 6.3.2;
					};
					034D68C01B1E5CA200B6CE82 = {
						CreatedOnToolsVersion = 6.3.2;
						TestTargetID = 034D68A71B1E5CA200B6CE82;
					};
				};
			};
			buildConfigurationList = 034D68A31B1E5CA200B6CE82 /* Build configuration list for PBXProject "LTMLabel" */;
			compatibilityVersion = "Xcode 3.2";
			developmentRegion = English;
			hasScannedForEncodings = 0;
			knownRegions = (
				en,
				Base,
			);
			mainGroup = 034D689F1B1E5CA200B6CE82;
			productRefGroup = 034D68A91B1E5CA200B6CE82 /* Products */;
			projectDirPath = "";
			projectRoot = "";
			targets = (
				034D68A71B1E5CA200B6CE82 /* LTMLabel */,
				034D68C01B1E5CA200B6CE82 /* LTMLabelTests */,
			);
		};
/* End PBXProject section */

/* Begin PBXResourcesBuildPhase section */
		034D68A61B1E5CA200B6CE82 /* Resources */ = {
			isa = PBXResourcesBuildPhase;
			buildActionMask = 2147483647;
			files = (
				034D68B71B1E5CA200B6CE82 /* Main.storyboard in Resources */,
				034D68BC1B1E5CA200B6CE82 /* LaunchScreen.xib in Resources */,
				034D68B91B1E5CA200B6CE82 /* Images.xcassets in Resources */,
			);
			runOnlyForDeploymentPostprocessing = 0;
		};
		034D68BF1B1E5CA200B6CE82 /* Resources */ = {
			isa = PBXResourcesBuildPhase;
			buildActionMask = 2147483647;
			files = (
			);
			runOnlyForDeploymentPostprocessing = 0;
		};
/* End PBXResourcesBuildPhase section */

/* Begin PBXSourcesBuildPhase section */
		034D68A41B1E5CA200B6CE82 /* Sources */ = {
			isa = PBXSourcesBuildPhase;
			buildActionMask = 2147483647;
			files = (
				034D68B41B1E5CA200B6CE82 /* ViewController.m in Sources */,
				034D68B11B1E5CA200B6CE82 /* AppDelegate.m in Sources */,
				034D68D41B1E5D1B00B6CE82 /* LTMLabel.m in Sources */,
				034D68AE1B1E5CA200B6CE82 /* main.m in Sources */,
			);
			runOnlyForDeploymentPostprocessing = 0;
		};
		034D68BD1B1E5CA200B6CE82 /* Sources */ = {
			isa = PBXSourcesBuildPhase;
			buildActionMask = 2147483647;
			files = (
				034D68C81B1E5CA200B6CE82 /* LTMLabelTests.m in Sources */,
			);
			runOnlyForDeploymentPostprocessing = 0;
		};
/* End PBXSourcesBuildPhase section */

/* Begin PBXTargetDependency section */
		034D68C31B1E5CA200B6CE82 /* PBXTargetDependency */ = {
			isa = PBXTargetDependency;
			target = 034D68A71B1E5CA200B6CE82 /* LTMLabel */;
			targetProxy = 034D68C21B1E5CA200B6CE82 /* PBXContainerItemProxy */;
		};
/* End PBXTargetDependency section */

/* Begin PBXVariantGroup section */
		034D68B51B1E5CA200B6CE82 /* Main.storyboard */ = {
			isa = PBXVariantGroup;
			children = (
				034D68B61B1E5CA200B6CE82 /* Base */,
			);
			name = Main.storyboard;
			sourceTree = "<group>";
		};
		034D68BA1B1E5CA200B6CE82 /* LaunchScreen.xib */ = {
			isa = PBXVariantGroup;
			children = (
				034D68BB1B1E5CA200B6CE82 /* Base */,
			);
			name = LaunchScreen.xib;
			sourceTree = "<group>";
		};
/* End PBXVariantGroup section */

/* Begin XCBuildConfiguration section */
		034D68C91B1E5CA200B6CE82 /* Debug */ = {
			isa = XCBuildConfiguration;
			buildSettings = {
				ALWAYS_SEARCH_USER_PATHS = NO;
				CLANG_CXX_LANGUAGE_STANDARD = "gnu++0x";
				CLANG_CXX_LIBRARY = "libc++";
				CLANG_ENABLE_MODULES = YES;
				CLANG_ENABLE_OBJC_ARC = YES;
				CLANG_WARN_BOOL_CONVERSION = YES;
				CLANG_WARN_CONSTANT_CONVERSION = YES;
				CLANG_WARN_DIRECT_OBJC_ISA_USAGE = YES_ERROR;
				CLANG_WARN_EMPTY_BODY = YES;
				CLANG_WARN_ENUM_CONVERSION = YES;
				CLANG_WARN_INT_CONVERSION = YES;
				CLANG_WARN_OBJC_ROOT_CLASS = YES_ERROR;
				CLANG_WARN_UNREACHABLE_CODE = YES;
				CLANG_WARN__DUPLICATE_METHOD_MATCH = YES;
				"CODE_SIGN_IDENTITY[sdk=iphoneos*]" = "iPhone Developer";
				COPY_PHASE_STRIP = NO;
				DEBUG_INFORMATION_FORMAT = "dwarf-with-dsym";
				ENABLE_STRICT_OBJC_MSGSEND = YES;
				GCC_C_LANGUAGE_STANDARD = gnu99;
				GCC_DYNAMIC_NO_PIC = NO;
				GCC_NO_COMMON_BLOCKS = YES;
				GCC_OPTIMIZATION_LEVEL = 0;
				GCC_PREPROCESSOR_DEFINITIONS = (
					"DEBUG=1",
					"$(inherited)",
				);
				GCC_SYMBOLS_PRIVATE_EXTERN = NO;
				GCC_WARN_64_TO_32_BIT_CONVERSION = YES;
				GCC_WARN_ABOUT_RETURN_TYPE = YES_ERROR;
				GCC_WARN_UNDECLARED_SELECTOR = YES;
				GCC_WARN_UNINITIALIZED_AUTOS = YES_AGGRESSIVE;
				GCC_WARN_UNUSED_FUNCTION = YES;
				GCC_WARN_UNUSED_VARIABLE = YES;
				IPHONEOS_DEPLOYMENT_TARGET = 8.3;
				MTL_ENABLE_DEBUG_INFO = YES;
				ONLY_ACTIVE_ARCH = YES;
				SDKROOT = iphoneos;
			};
			name = Debug;
		};
		034D68CA1B1E5CA200B6CE82 /* Release */ = {
			isa = XCBuildConfiguration;
			buildSettings = {
				ALWAYS_SEARCH_USER_PATHS = NO;
				CLANG_CXX_LANGUAGE_STANDARD = "gnu++0x";
				CLANG_CXX_LIBRARY = "libc++";
				CLANG_ENABLE_MODULES = YES;
				CLANG_ENABLE_OBJC_ARC = YES;
				CLANG_WARN_BOOL_CONVERSION = YES;
				CLANG_WARN_CONSTANT_CONVERSION = YES;
				CLANG_WARN_DIRECT_OBJC_ISA_USAGE = YES_ERROR;
				CLANG_WARN_EMPTY_BODY = YES;
				CLANG_WARN_ENUM_CONVERSION = YES;
				CLANG_WARN_INT_CONVERSION = YES;
				CLANG_WARN_OBJC_ROOT_CLASS = YES_ERROR;
				CLANG_WARN_UNREACHABLE_CODE = YES;
				CLANG_WARN__DUPLICATE_METHOD_MATCH = YES;
				"CODE_SIGN_IDENTITY[sdk=iphoneos*]" = "iPhone Developer";
				COPY_PHASE_STRIP = NO;
				DEBUG_INFORMATION_FORMAT = "dwarf-with-dsym";
				ENABLE_NS_ASSERTIONS = NO;
				ENABLE_STRICT_OBJC_MSGSEND = YES;
				GCC_C_LANGUAGE_STANDARD = gnu99;
				GCC_NO_COMMON_BLOCKS = YES;
				GCC_WARN_64_TO_32_BIT_CONVERSION = YES;
				GCC_WARN_ABOUT_RETURN_TYPE = YES_ERROR;
				GCC_WARN_UNDECLARED_SELECTOR = YES;
				GCC_WARN_UNINITIALIZED_AUTOS = YES_AGGRESSIVE;
				GCC_WARN_UNUSED_FUNCTION = YES;
				GCC_WARN_UNUSED_VARIABLE = YES;
				IPHONEOS_DEPLOYMENT_TARGET = 8.3;
				MTL_ENABLE_DEBUG_INFO = NO;
				SDKROOT = iphoneos;
				VALIDATE_PRODUCT = YES;
			};
			name = Release;
		};
		034D68CC1B1E5CA200B6CE82 /* Debug */ = {
			isa = XCBuildConfiguration;
			buildSettings = {
				ASSETCATALOG_COMPILER_APPICON_NAME = AppIcon;
				INFOPLIST_FILE = LTMLabel/Info.plist;
				LD_RUNPATH_SEARCH_PATHS = "$(inherited) @executable_path/Frameworks";
				PRODUCT_NAME = "$(TARGET_NAME)";
			};
			name = Debug;
		};
		034D68CD1B1E5CA200B6CE82 /* Release */ = {
			isa = XCBuildConfiguration;
			buildSettings = {
				ASSETCATALOG_COMPILER_APPICON_NAME = AppIcon;
				INFOPLIST_FILE = LTMLabel/Info.plist;
				LD_RUNPATH_SEARCH_PATHS = "$(inherited) @executable_path/Frameworks";
				PRODUCT_NAME = "$(TARGET_NAME)";
			};
			name = Release;
		};
		034D68CF1B1E5CA200B6CE82 /* Debug */ = {
			isa = XCBuildConfiguration;
			buildSettings = {
				BUNDLE_LOADER = "$(TEST_HOST)";
				FRAMEWORK_SEARCH_PATHS = (
					"$(SDKROOT)/Developer/Library/Frameworks",
					"$(inherited)",
				);
				GCC_PREPROCESSOR_DEFINITIONS = (
					"DEBUG=1",
					"$(inherited)",
				);
				INFOPLIST_FILE = LTMLabelTests/Info.plist;
				LD_RUNPATH_SEARCH_PATHS = "$(inherited) @executable_path/Frameworks @loader_path/Frameworks";
				PRODUCT_NAME = "$(TARGET_NAME)";
				TEST_HOST = "$(BUILT_PRODUCTS_DIR)/LTMLabel.app/LTMLabel";
			};
			name = Debug;
		};
		034D68D01B1E5CA200B6CE82 /* Release */ = {
			isa = XCBuildConfiguration;
			buildSettings = {
				BUNDLE_LOADER = "$(TEST_HOST)";
				FRAMEWORK_SEARCH_PATHS = (
					"$(SDKROOT)/Developer/Library/Frameworks",
					"$(inherited)",
				);
				INFOPLIST_FILE = LTMLabelTests/Info.plist;
				LD_RUNPATH_SEARCH_PATHS = "$(inherited) @executable_path/Frameworks @loader_path/Frameworks";
				PRODUCT_NAME = "$(TARGET_NAME)";
				TEST_HOST = "$(BUILT_PRODUCTS_DIR)/LTMLabel.app/LTMLabel";
			};
			name = Release;
		};
/* End XCBuildConfiguration section */

/* Begin XCConfigurationList section */
		034D68A31B1E5CA200B6CE82 /* Build configuration list for PBXProject "LTMLabel" */ = {
			isa = XCConfigurationList;
			buildConfigurations = (
				034D68C91B1E5CA200B6CE82 /* Debug */,
				034D68CA1B1E5CA200B6CE82 /* Release */,
			);
			defaultConfigurationIsVisible = 0;
			defaultConfigurationName = Release;
		};
		034D68CB1B1E5CA200B6CE82 /* Build configuration list for PBXNativeTarget "LTMLabel" */ = {
			isa = XCConfigurationList;
			buildConfigurations = (
				034D68CC1B1E5CA200B6CE82 /* Debug */,
				034D68CD1B1E5CA200B6CE82 /* Release */,
			);
			defaultConfigurationIsVisible = 0;
		};
		034D68CE1B1E5CA200B6CE82 /* Build configuration list for PBXNativeTarget "LTMLabelTests" */ = {
			isa = XCConfigurationList;
			buildConfigurations = (
				034D68CF1B1E5CA200B6CE82 /* Debug */,
				034D68D01B1E5CA200B6CE82 /* Release */,
			);
			defaultConfigurationIsVisible = 0;
		};
/* End XCConfigurationList section */
	};
	rootObject = 034D68A01B1E5CA200B6CE82 /* Project object */;
}
